// !$*UTF8*$!
{
	archiveVersion = 1;
	classes = {
	};
	objectVersion = 46;
	objects = {

/* Begin PBXBuildFile section */
		DD865D8815B1465C00817FE9 /* libsqlite3.0.dylib in Frameworks */ = {isa = PBXBuildFile; fileRef = DD865D8715B1465C00817FE9 /* libsqlite3.0.dylib */; };
		DD865D9315B1838100817FE9 /* libGlacierFramework.a in Frameworks */ = {isa = PBXBuildFile; fileRef = DD865D9215B1838100817FE9 /* libGlacierFramework.a */; };
		DD865DCE15B1C08E00817FE9 /* LogoController.m in Sources */ = {isa = PBXBuildFile; fileRef = DD865DCC15B1C08E00817FE9 /* LogoController.m */; };
		DD865DCF15B1C08E00817FE9 /* LogoController.xib in Resources */ = {isa = PBXBuildFile; fileRef = DD865DCD15B1C08E00817FE9 /* LogoController.xib */; };
		DD867D4C15ADC48000BEF6E8 /* UIKit.framework in Frameworks */ = {isa = PBXBuildFile; fileRef = DD867D4B15ADC48000BEF6E8 /* UIKit.framework */; };
		DD867D4E15ADC48000BEF6E8 /* Foundation.framework in Frameworks */ = {isa = PBXBuildFile; fileRef = DD867D4D15ADC48000BEF6E8 /* Foundation.framework */; };
		DD867D5015ADC48000BEF6E8 /* CoreGraphics.framework in Frameworks */ = {isa = PBXBuildFile; fileRef = DD867D4F15ADC48000BEF6E8 /* CoreGraphics.framework */; };
		DD867D5615ADC48000BEF6E8 /* InfoPlist.strings in Resources */ = {isa = PBXBuildFile; fileRef = DD867D5415ADC48000BEF6E8 /* InfoPlist.strings */; };
		DD867D5815ADC48000BEF6E8 /* main.m in Sources */ = {isa = PBXBuildFile; fileRef = DD867D5715ADC48000BEF6E8 /* main.m */; };
		DD867D5C15ADC48000BEF6E8 /* AppDelegate.m in Sources */ = {isa = PBXBuildFile; fileRef = DD867D5B15ADC48000BEF6E8 /* AppDelegate.m */; };
		DDBC22FD15AF2B4500457BB3 /* CFNetwork.framework in Frameworks */ = {isa = PBXBuildFile; fileRef = DDBC22F915AF2B4500457BB3 /* CFNetwork.framework */; };
		DDBC22FE15AF2B4500457BB3 /* SystemConfiguration.framework in Frameworks */ = {isa = PBXBuildFile; fileRef = DDBC22FA15AF2B4500457BB3 /* SystemConfiguration.framework */; };
		DDBC22FF15AF2B4500457BB3 /* MobileCoreServices.framework in Frameworks */ = {isa = PBXBuildFile; fileRef = DDBC22FB15AF2B4500457BB3 /* MobileCoreServices.framework */; };
		DDBC230015AF2B4500457BB3 /* libz.dylib in Frameworks */ = {isa = PBXBuildFile; fileRef = DDBC22FC15AF2B4500457BB3 /* libz.dylib */; };
/* End PBXBuildFile section */

/* Begin PBXFileReference section */
		DD865D8715B1465C00817FE9 /* libsqlite3.0.dylib */ = {isa = PBXFileReference; lastKnownFileType = "compiled.mach-o.dylib"; name = libsqlite3.0.dylib; path = usr/lib/libsqlite3.0.dylib; sourceTree = SDKROOT; };
		DD865D9215B1838100817FE9 /* libGlacierFramework.a */ = {isa = PBXFileReference; lastKnownFileType = archive.ar; name = libGlacierFramework.a; path = "../../../../Library/Developer/Xcode/DerivedData/Glacier-fatqiqcwihkfdqdtwmsfantauxzy/Build/Products/Debug-iphoneos/libGlacierFramework.a"; sourceTree = "<group>"; };
		DD865DCB15B1C08E00817FE9 /* LogoController.h */ = {isa = PBXFileReference; fileEncoding = 4; lastKnownFileType = sourcecode.c.h; path = LogoController.h; sourceTree = "<group>"; };
		DD865DCC15B1C08E00817FE9 /* LogoController.m */ = {isa = PBXFileReference; fileEncoding = 4; lastKnownFileType = sourcecode.c.objc; path = LogoController.m; sourceTree = "<group>"; };
		DD865DCD15B1C08E00817FE9 /* LogoController.xib */ = {isa = PBXFileReference; fileEncoding = 4; lastKnownFileType = file.xib; path = LogoController.xib; sourceTree = "<group>"; };
		DD867D4715ADC48000BEF6E8 /* GlacierApplication.app */ = {isa = PBXFileReference; explicitFileType = wrapper.application; includeInIndex = 0; path = GlacierApplication.app; sourceTree = BUILT_PRODUCTS_DIR; };
		DD867D4B15ADC48000BEF6E8 /* UIKit.framework */ = {isa = PBXFileReference; lastKnownFileType = wrapper.framework; name = UIKit.framework; path = System/Library/Frameworks/UIKit.framework; sourceTree = SDKROOT; };
		DD867D4D15ADC48000BEF6E8 /* Foundation.framework */ = {isa = PBXFileReference; lastKnownFileType = wrapper.framework; name = Foundation.framework; path = System/Library/Frameworks/Foundation.framework; sourceTree = SDKROOT; };
		DD867D4F15ADC48000BEF6E8 /* CoreGraphics.framework */ = {isa = PBXFileReference; lastKnownFileType = wrapper.framework; name = CoreGraphics.framework; path = System/Library/Frameworks/CoreGraphics.framework; sourceTree = SDKROOT; };
		DD867D5315ADC48000BEF6E8 /* GlacierApplication-Info.plist */ = {isa = PBXFileReference; lastKnownFileType = text.plist.xml; path = "GlacierApplication-Info.plist"; sourceTree = "<group>"; };
		DD867D5515ADC48000BEF6E8 /* en */ = {isa = PBXFileReference; lastKnownFileType = text.plist.strings; name = en; path = en.lproj/InfoPlist.strings; sourceTree = "<group>"; };
		DD867D5715ADC48000BEF6E8 /* main.m */ = {isa = PBXFileReference; lastKnownFileType = sourcecode.c.objc; path = main.m; sourceTree = "<group>"; };
		DD867D5915ADC48000BEF6E8 /* GlacierApplication-Prefix.pch */ = {isa = PBXFileReference; lastKnownFileType = sourcecode.c.h; path = "GlacierApplication-Prefix.pch"; sourceTree = "<group>"; };
		DD867D5A15ADC48000BEF6E8 /* AppDelegate.h */ = {isa = PBXFileReference; lastKnownFileType = sourcecode.c.h; path = AppDelegate.h; sourceTree = "<group>"; };
		DD867D5B15ADC48000BEF6E8 /* AppDelegate.m */ = {isa = PBXFileReference; lastKnownFileType = sourcecode.c.objc; path = AppDelegate.m; sourceTree = "<group>"; };
		DDBC22F915AF2B4500457BB3 /* CFNetwork.framework */ = {isa = PBXFileReference; lastKnownFileType = wrapper.framework; name = CFNetwork.framework; path = System/Library/Frameworks/CFNetwork.framework; sourceTree = SDKROOT; };
		DDBC22FA15AF2B4500457BB3 /* SystemConfiguration.framework */ = {isa = PBXFileReference; lastKnownFileType = wrapper.framework; name = SystemConfiguration.framework; path = System/Library/Frameworks/SystemConfiguration.framework; sourceTree = SDKROOT; };
		DDBC22FB15AF2B4500457BB3 /* MobileCoreServices.framework */ = {isa = PBXFileReference; lastKnownFileType = wrapper.framework; name = MobileCoreServices.framework; path = System/Library/Frameworks/MobileCoreServices.framework; sourceTree = SDKROOT; };
		DDBC22FC15AF2B4500457BB3 /* libz.dylib */ = {isa = PBXFileReference; lastKnownFileType = "compiled.mach-o.dylib"; name = libz.dylib; path = usr/lib/libz.dylib; sourceTree = SDKROOT; };
/* End PBXFileReference section */

/* Begin PBXFrameworksBuildPhase section */
		DD867D4415ADC48000BEF6E8 /* Frameworks */ = {
			isa = PBXFrameworksBuildPhase;
			buildActionMask = 2147483647;
			files = (
				DD865D9315B1838100817FE9 /* libGlacierFramework.a in Frameworks */,
				DD865D8815B1465C00817FE9 /* libsqlite3.0.dylib in Frameworks */,
				DD867D4C15ADC48000BEF6E8 /* UIKit.framework in Frameworks */,
				DD867D4E15ADC48000BEF6E8 /* Foundation.framework in Frameworks */,
				DD867D5015ADC48000BEF6E8 /* CoreGraphics.framework in Frameworks */,
				DDBC22FD15AF2B4500457BB3 /* CFNetwork.framework in Frameworks */,
				DDBC22FE15AF2B4500457BB3 /* SystemConfiguration.framework in Frameworks */,
				DDBC22FF15AF2B4500457BB3 /* MobileCoreServices.framework in Frameworks */,
				DDBC230015AF2B4500457BB3 /* libz.dylib in Frameworks */,
			);
			runOnlyForDeploymentPostprocessing = 0;
		};
/* End PBXFrameworksBuildPhase section */

/* Begin PBXGroup section */
		DD865DBE15B1A26B00817FE9 /* LogoController */ = {
			isa = PBXGroup;
			children = (
				DD865DC715B1C07600817FE9 /* Controller */,
				DD865DC815B1C07600817FE9 /* Model */,
				DD865DC915B1C07600817FE9 /* View */,
			);
			path = LogoController;
			sourceTree = "<group>";
		};
		DD865DC715B1C07600817FE9 /* Controller */ = {
			isa = PBXGroup;
			children = (
				DD865DCB15B1C08E00817FE9 /* LogoController.h */,
				DD865DCC15B1C08E00817FE9 /* LogoController.m */,
				DD865DCD15B1C08E00817FE9 /* LogoController.xib */,
			);
			path = Controller;
			sourceTree = "<group>";
		};
		DD865DC815B1C07600817FE9 /* Model */ = {
			isa = PBXGroup;
			children = (
			);
			path = Model;
			sourceTree = "<group>";
		};
		DD865DC915B1C07600817FE9 /* View */ = {
			isa = PBXGroup;
			children = (
			);
			path = View;
			sourceTree = "<group>";
		};
		DD867D3C15ADC48000BEF6E8 = {
			isa = PBXGroup;
			children = (
				DD867D5115ADC48000BEF6E8 /* GlacierApplication */,
				DD867D4A15ADC48000BEF6E8 /* Frameworks */,
				DD867D4815ADC48000BEF6E8 /* Products */,
			);
			sourceTree = "<group>";
		};
		DD867D4815ADC48000BEF6E8 /* Products */ = {
			isa = PBXGroup;
			children = (
				DD867D4715ADC48000BEF6E8 /* GlacierApplication.app */,
			);
			name = Products;
			sourceTree = "<group>";
		};
		DD867D4A15ADC48000BEF6E8 /* Frameworks */ = {
			isa = PBXGroup;
			children = (
				DD865D9215B1838100817FE9 /* libGlacierFramework.a */,
				DDBC22FC15AF2B4500457BB3 /* libz.dylib */,
				DD865D8715B1465C00817FE9 /* libsqlite3.0.dylib */,
				DDBC22F915AF2B4500457BB3 /* CFNetwork.framework */,
				DDBC22FA15AF2B4500457BB3 /* SystemConfiguration.framework */,
				DDBC22FB15AF2B4500457BB3 /* MobileCoreServices.framework */,
				DD867D4B15ADC48000BEF6E8 /* UIKit.framework */,
				DD867D4D15ADC48000BEF6E8 /* Foundation.framework */,
				DD867D4F15ADC48000BEF6E8 /* CoreGraphics.framework */,
			);
			name = Frameworks;
			sourceTree = "<group>";
		};
		DD867D5115ADC48000BEF6E8 /* GlacierApplication */ = {
			isa = PBXGroup;
			children = (
				DD867D5A15ADC48000BEF6E8 /* AppDelegate.h */,
				DD867D5B15ADC48000BEF6E8 /* AppDelegate.m */,
				DD865DBE15B1A26B00817FE9 /* LogoController */,
				DD867D5215ADC48000BEF6E8 /* Supporting Files */,
			);
			path = GlacierApplication;
			sourceTree = "<group>";
		};
		DD867D5215ADC48000BEF6E8 /* Supporting Files */ = {
			isa = PBXGroup;
			children = (
				DD867D5315ADC48000BEF6E8 /* GlacierApplication-Info.plist */,
				DD867D5415ADC48000BEF6E8 /* InfoPlist.strings */,
				DD867D5715ADC48000BEF6E8 /* main.m */,
				DD867D5915ADC48000BEF6E8 /* GlacierApplication-Prefix.pch */,
			);
			name = "Supporting Files";
			sourceTree = "<group>";
		};
/* End PBXGroup section */

/* Begin PBXNativeTarget section */
		DD867D4615ADC48000BEF6E8 /* GlacierApplication */ = {
			isa = PBXNativeTarget;
			buildConfigurationList = DD867D6515ADC48000BEF6E8 /* Build configuration list for PBXNativeTarget "GlacierApplication" */;
			buildPhases = (
				DD867D4315ADC48000BEF6E8 /* Sources */,
				DD867D4415ADC48000BEF6E8 /* Frameworks */,
				DD867D4515ADC48000BEF6E8 /* Resources */,
			);
			buildRules = (
			);
			dependencies = (
			);
			name = GlacierApplication;
			productName = GlacierApplication;
			productReference = DD867D4715ADC48000BEF6E8 /* GlacierApplication.app */;
			productType = "com.apple.product-type.application";
		};
/* End PBXNativeTarget section */

/* Begin PBXProject section */
		DD867D3E15ADC48000BEF6E8 /* Project object */ = {
			isa = PBXProject;
			attributes = {
				LastUpgradeCheck = 0430;
				ORGANIZATIONNAME = Glacier;
			};
			buildConfigurationList = DD867D4115ADC48000BEF6E8 /* Build configuration list for PBXProject "GlacierApplication" */;
			compatibilityVersion = "Xcode 3.2";
			developmentRegion = English;
			hasScannedForEncodings = 0;
			knownRegions = (
				en,
			);
			mainGroup = DD867D3C15ADC48000BEF6E8;
			productRefGroup = DD867D4815ADC48000BEF6E8 /* Products */;
			projectDirPath = "";
			projectRoot = "";
			targets = (
				DD867D4615ADC48000BEF6E8 /* GlacierApplication */,
			);
		};
/* End PBXProject section */

/* Begin PBXResourcesBuildPhase section */
		DD867D4515ADC48000BEF6E8 /* Resources */ = {
			isa = PBXResourcesBuildPhase;
			buildActionMask = 2147483647;
			files = (
				DD867D5615ADC48000BEF6E8 /* InfoPlist.strings in Resources */,
				DD865DCF15B1C08E00817FE9 /* LogoController.xib in Resources */,
			);
			runOnlyForDeploymentPostprocessing = 0;
		};
/* End PBXResourcesBuildPhase section */

/* Begin PBXSourcesBuildPhase section */
		DD867D4315ADC48000BEF6E8 /* Sources */ = {
			isa = PBXSourcesBuildPhase;
			buildActionMask = 2147483647;
			files = (
				DD867D5815ADC48000BEF6E8 /* main.m in Sources */,
				DD867D5C15ADC48000BEF6E8 /* AppDelegate.m in Sources */,
				DD865DCE15B1C08E00817FE9 /* LogoController.m in Sources */,
			);
			runOnlyForDeploymentPostprocessing = 0;
		};
/* End PBXSourcesBuildPhase section */

/* Begin PBXVariantGroup section */
		DD867D5415ADC48000BEF6E8 /* InfoPlist.strings */ = {
			isa = PBXVariantGroup;
			children = (
				DD867D5515ADC48000BEF6E8 /* en */,
			);
			name = InfoPlist.strings;
			sourceTree = "<group>";
		};
/* End PBXVariantGroup section */

/* Begin XCBuildConfiguration section */
		DD867D6315ADC48000BEF6E8 /* Debug */ = {
			isa = XCBuildConfiguration;
			buildSettings = {
				ALWAYS_SEARCH_USER_PATHS = NO;
				ARCHS = "$(ARCHS_STANDARD_32_BIT)";
				"CODE_SIGN_IDENTITY[sdk=iphoneos*]" = "iPhone Developer";
				COPY_PHASE_STRIP = NO;
				GCC_C_LANGUAGE_STANDARD = gnu99;
				GCC_DYNAMIC_NO_PIC = NO;
				GCC_OPTIMIZATION_LEVEL = 0;
				GCC_PREPROCESSOR_DEFINITIONS = (
					"DEBUG=1",
					"$(inherited)",
				);
				GCC_SYMBOLS_PRIVATE_EXTERN = NO;
				GCC_VERSION = com.apple.compilers.llvm.clang.1_0;
				GCC_WARN_ABOUT_RETURN_TYPE = YES;
				GCC_WARN_UNINITIALIZED_AUTOS = YES;
				GCC_WARN_UNUSED_VARIABLE = YES;
				HEADER_SEARCH_PATHS = (
					"$(BUILD_DIR)/$(CONFIGURATION)-iphonesimulator/**",
					"$(BUILD_DIR)/$(CONFIGURATION)-iphoneos/**",
				);
				IPHONEOS_DEPLOYMENT_TARGET = 4.0;
				LIBRARY_SEARCH_PATHS = "";
				SDKROOT = iphoneos;
				TARGETED_DEVICE_FAMILY = 2;
				USER_HEADER_SEARCH_PATHS = "$(BUILD_DIR)/$(CONFIGURATION)-iphonesimulator/** $(BUILD_DIR)/$(CONFIGURATION)-iphoneos/**";
			};
			name = Debug;
		};
		DD867D6415ADC48000BEF6E8 /* Release */ = {
			isa = XCBuildConfiguration;
			buildSettings = {
				ALWAYS_SEARCH_USER_PATHS = NO;
				ARCHS = "$(ARCHS_STANDARD_32_BIT)";
				"CODE_SIGN_IDENTITY[sdk=iphoneos*]" = "iPhone Developer";
				COPY_PHASE_STRIP = YES;
				GCC_C_LANGUAGE_STANDARD = gnu99;
				GCC_VERSION = com.apple.compilers.llvm.clang.1_0;
				GCC_WARN_ABOUT_RETURN_TYPE = YES;
				GCC_WARN_UNINITIALIZED_AUTOS = YES;
				GCC_WARN_UNUSED_VARIABLE = YES;
				HEADER_SEARCH_PATHS = (
					"$(BUILD_DIR)/$(CONFIGURATION)-iphonesimulator/**",
					"$(BUILD_DIR)/$(CONFIGURATION)-iphoneos/**",
				);
				IPHONEOS_DEPLOYMENT_TARGET = 4.0;
				LIBRARY_SEARCH_PATHS = "";
				OTHER_CFLAGS = "-DNS_BLOCK_ASSERTIONS=1";
				SDKROOT = iphoneos;
				TARGETED_DEVICE_FAMILY = 2;
				USER_HEADER_SEARCH_PATHS = "$(BUILD_DIR)/$(CONFIGURATION)-iphonesimulator/** $(BUILD_DIR)/$(CONFIGURATION)-iphoneos/**";
				VALIDATE_PRODUCT = YES;
			};
			name = Release;
		};
		DD867D6615ADC48000BEF6E8 /* Debug */ = {
			isa = XCBuildConfiguration;
			buildSettings = {
				GCC_PRECOMPILE_PREFIX_HEADER = YES;
				GCC_PREFIX_HEADER = "GlacierApplication/GlacierApplication-Prefix.pch";
				HEADER_SEARCH_PATHS = "$(CONFIGURATION_BUILD_DIR)/**";
				INFOPLIST_FILE = "GlacierApplication/GlacierApplication-Info.plist";
				IPHONEOS_DEPLOYMENT_TARGET = 4.0;
				LIBRARY_SEARCH_PATHS = "$(CONFIGURATION_BUILD_DIR)/**";
				OTHER_LDFLAGS = "-ObjC";
				PRODUCT_NAME = "$(TARGET_NAME)";
				TARGETED_DEVICE_FAMILY = 2;
				WRAPPER_EXTENSION = app;
			};
			name = Debug;
		};
		DD867D6715ADC48000BEF6E8 /* Release */ = {
			isa = XCBuildConfiguration;
			buildSettings = {
				GCC_PRECOMPILE_PREFIX_HEADER = YES;
				GCC_PREFIX_HEADER = "GlacierApplication/GlacierApplication-Prefix.pch";
				HEADER_SEARCH_PATHS = "$(CONFIGURATION_BUILD_DIR)/**";
				INFOPLIST_FILE = "GlacierApplication/GlacierApplication-Info.plist";
				IPHONEOS_DEPLOYMENT_TARGET = 4.0;
				LIBRARY_SEARCH_PATHS = "$(CONFIGURATION_BUILD_DIR)/**";
				OTHER_LDFLAGS = "-ObjC";
				PRODUCT_NAME = "$(TARGET_NAME)";
				TARGETED_DEVICE_FAMILY = 2;
				WRAPPER_EXTENSION = app;
			};
			name = Release;
		};
/* End XCBuildConfiguration section */

/* Begin XCConfigurationList section */
		DD867D4115ADC48000BEF6E8 /* Build configuration list for PBXProject "GlacierApplication" */ = {
			isa = XCConfigurationList;
			buildConfigurations = (
				DD867D6315ADC48000BEF6E8 /* Debug */,
				DD867D6415ADC48000BEF6E8 /* Release */,
			);
			defaultConfigurationIsVisible = 0;
			defaultConfigurationName = Debug;
		};
		DD867D6515ADC48000BEF6E8 /* Build configuration list for PBXNativeTarget "GlacierApplication" */ = {
			isa = XCConfigurationList;
			buildConfigurations = (
				DD867D6615ADC48000BEF6E8 /* Debug */,
				DD867D6715ADC48000BEF6E8 /* Release */,
			);
			defaultConfigurationIsVisible = 0;
			defaultConfigurationName = Debug;
		};
/* End XCConfigurationList section */
	};
	rootObject = DD867D3E15ADC48000BEF6E8 /* Project object */;
}
