// !$*UTF8*$!
{
	archiveVersion = 1;
	classes = {
	};
	objectVersion = 46;
	objects = {

/* Begin PBXBuildFile section */
		DD0894DB15B07AA300E3EC75 /* JSONKit.h in Headers */ = {isa = PBXBuildFile; fileRef = DD0894D915B07AA300E3EC75 /* JSONKit.h */; settings = {ATTRIBUTES = (Public, ); }; };
		DD0894DC15B07AA300E3EC75 /* JSONKit.m in Sources */ = {isa = PBXBuildFile; fileRef = DD0894DA15B07AA300E3EC75 /* JSONKit.m */; };
		DD832FBD15B263FD00FBF9DE /* UIKit.framework in Frameworks */ = {isa = PBXBuildFile; fileRef = DD832FBC15B263FD00FBF9DE /* UIKit.framework */; };
		DD865D6215B145D300817FE9 /* NSData-SQLitePersistence.h in Headers */ = {isa = PBXBuildFile; fileRef = DD865D4215B145D300817FE9 /* NSData-SQLitePersistence.h */; };
		DD865D6315B145D300817FE9 /* NSData-SQLitePersistence.m in Sources */ = {isa = PBXBuildFile; fileRef = DD865D4315B145D300817FE9 /* NSData-SQLitePersistence.m */; };
		DD865D6415B145D300817FE9 /* NSDate-SQLitePersistence.h in Headers */ = {isa = PBXBuildFile; fileRef = DD865D4415B145D300817FE9 /* NSDate-SQLitePersistence.h */; };
		DD865D6515B145D300817FE9 /* NSDate-SQLitePersistence.m in Sources */ = {isa = PBXBuildFile; fileRef = DD865D4515B145D300817FE9 /* NSDate-SQLitePersistence.m */; };
		DD865D6615B145D300817FE9 /* NSMutableArray-MultipleSort.h in Headers */ = {isa = PBXBuildFile; fileRef = DD865D4615B145D300817FE9 /* NSMutableArray-MultipleSort.h */; };
		DD865D6715B145D300817FE9 /* NSMutableArray-MultipleSort.m in Sources */ = {isa = PBXBuildFile; fileRef = DD865D4715B145D300817FE9 /* NSMutableArray-MultipleSort.m */; };
		DD865D6815B145D300817FE9 /* NSMutableData-SQLitePersistence.h in Headers */ = {isa = PBXBuildFile; fileRef = DD865D4815B145D300817FE9 /* NSMutableData-SQLitePersistence.h */; };
		DD865D6915B145D300817FE9 /* NSMutableData-SQLitePersistence.m in Sources */ = {isa = PBXBuildFile; fileRef = DD865D4915B145D300817FE9 /* NSMutableData-SQLitePersistence.m */; };
		DD865D6A15B145D300817FE9 /* NSNumber-SQLitePersistence.h in Headers */ = {isa = PBXBuildFile; fileRef = DD865D4A15B145D300817FE9 /* NSNumber-SQLitePersistence.h */; };
		DD865D6B15B145D300817FE9 /* NSNumber-SQLitePersistence.m in Sources */ = {isa = PBXBuildFile; fileRef = DD865D4B15B145D300817FE9 /* NSNumber-SQLitePersistence.m */; };
		DD865D6C15B145D300817FE9 /* NSObject-ClassName.h in Headers */ = {isa = PBXBuildFile; fileRef = DD865D4C15B145D300817FE9 /* NSObject-ClassName.h */; };
		DD865D6D15B145D300817FE9 /* NSObject-ClassName.m in Sources */ = {isa = PBXBuildFile; fileRef = DD865D4D15B145D300817FE9 /* NSObject-ClassName.m */; };
		DD865D6E15B145D300817FE9 /* NSObject-MissingKV.h in Headers */ = {isa = PBXBuildFile; fileRef = DD865D4E15B145D300817FE9 /* NSObject-MissingKV.h */; };
		DD865D6F15B145D300817FE9 /* NSObject-MissingKV.m in Sources */ = {isa = PBXBuildFile; fileRef = DD865D4F15B145D300817FE9 /* NSObject-MissingKV.m */; };
		DD865D7015B145D300817FE9 /* NSObject-SQLitePersistence.h in Headers */ = {isa = PBXBuildFile; fileRef = DD865D5015B145D300817FE9 /* NSObject-SQLitePersistence.h */; };
		DD865D7115B145D300817FE9 /* NSObject-SQLitePersistence.m in Sources */ = {isa = PBXBuildFile; fileRef = DD865D5115B145D300817FE9 /* NSObject-SQLitePersistence.m */; };
		DD865D7215B145D300817FE9 /* NSString-NumberStuff.h in Headers */ = {isa = PBXBuildFile; fileRef = DD865D5215B145D300817FE9 /* NSString-NumberStuff.h */; };
		DD865D7315B145D300817FE9 /* NSString-NumberStuff.m in Sources */ = {isa = PBXBuildFile; fileRef = DD865D5315B145D300817FE9 /* NSString-NumberStuff.m */; };
		DD865D7415B145D300817FE9 /* NSString-SQLiteColumnName.h in Headers */ = {isa = PBXBuildFile; fileRef = DD865D5415B145D300817FE9 /* NSString-SQLiteColumnName.h */; };
		DD865D7515B145D300817FE9 /* NSString-SQLiteColumnName.m in Sources */ = {isa = PBXBuildFile; fileRef = DD865D5515B145D300817FE9 /* NSString-SQLiteColumnName.m */; };
		DD865D7615B145D300817FE9 /* NSString-SQLitePersistence.h in Headers */ = {isa = PBXBuildFile; fileRef = DD865D5615B145D300817FE9 /* NSString-SQLitePersistence.h */; };
		DD865D7715B145D300817FE9 /* NSString-SQLitePersistence.m in Sources */ = {isa = PBXBuildFile; fileRef = DD865D5715B145D300817FE9 /* NSString-SQLitePersistence.m */; };
		DD865D7815B145D300817FE9 /* NSString-UppercaseFirst.h in Headers */ = {isa = PBXBuildFile; fileRef = DD865D5815B145D300817FE9 /* NSString-UppercaseFirst.h */; };
		DD865D7915B145D300817FE9 /* NSString-UppercaseFirst.m in Sources */ = {isa = PBXBuildFile; fileRef = DD865D5915B145D300817FE9 /* NSString-UppercaseFirst.m */; };
		DD865D7A15B145D300817FE9 /* SQLiteInstanceManager.h in Headers */ = {isa = PBXBuildFile; fileRef = DD865D5A15B145D300817FE9 /* SQLiteInstanceManager.h */; };
		DD865D7B15B145D300817FE9 /* SQLiteInstanceManager.m in Sources */ = {isa = PBXBuildFile; fileRef = DD865D5B15B145D300817FE9 /* SQLiteInstanceManager.m */; };
		DD865D7C15B145D300817FE9 /* SQLitePersistentObject.h in Headers */ = {isa = PBXBuildFile; fileRef = DD865D5C15B145D300817FE9 /* SQLitePersistentObject.h */; settings = {ATTRIBUTES = (Public, ); }; };
		DD865D7D15B145D300817FE9 /* SQLitePersistentObject.m in Sources */ = {isa = PBXBuildFile; fileRef = DD865D5D15B145D300817FE9 /* SQLitePersistentObject.m */; };
		DD865D7E15B145D300817FE9 /* UIColor-SQLitePersistentObject.h in Headers */ = {isa = PBXBuildFile; fileRef = DD865D5E15B145D300817FE9 /* UIColor-SQLitePersistentObject.h */; };
		DD865D7F15B145D300817FE9 /* UIColor-SQLitePersistentObject.m in Sources */ = {isa = PBXBuildFile; fileRef = DD865D5F15B145D300817FE9 /* UIColor-SQLitePersistentObject.m */; };
		DD865D8015B145D300817FE9 /* UIImage-SQLitePersistence.h in Headers */ = {isa = PBXBuildFile; fileRef = DD865D6015B145D300817FE9 /* UIImage-SQLitePersistence.h */; };
		DD865D8115B145D300817FE9 /* UIImage-SQLitePersistence.m in Sources */ = {isa = PBXBuildFile; fileRef = DD865D6115B145D300817FE9 /* UIImage-SQLitePersistence.m */; };
		DD865DDB15B1C8C800817FE9 /* JSONObject.h in Headers */ = {isa = PBXBuildFile; fileRef = DD865DD915B1C8C800817FE9 /* JSONObject.h */; settings = {ATTRIBUTES = (Public, ); }; };
		DD865DDC15B1C8C800817FE9 /* JSONObject.m in Sources */ = {isa = PBXBuildFile; fileRef = DD865DDA15B1C8C800817FE9 /* JSONObject.m */; };
		DD87036515AF1BBA0067B66C /* Foundation.framework in Frameworks */ = {isa = PBXBuildFile; fileRef = DD87036415AF1BBA0067B66C /* Foundation.framework */; };
		DD87037C15AF1CE80067B66C /* GlacierController.h in Headers */ = {isa = PBXBuildFile; fileRef = DD87037A15AF1CE80067B66C /* GlacierController.h */; settings = {ATTRIBUTES = (Public, ); }; };
		DD87037D15AF1CE80067B66C /* GlacierController.m in Sources */ = {isa = PBXBuildFile; fileRef = DD87037B15AF1CE80067B66C /* GlacierController.m */; };
		DD8703A515AF20850067B66C /* ASIAuthenticationDialog.h in Headers */ = {isa = PBXBuildFile; fileRef = DD87038A15AF20420067B66C /* ASIAuthenticationDialog.h */; settings = {ATTRIBUTES = (Public, ); }; };
		DD8703A615AF20850067B66C /* ASIAuthenticationDialog.m in Sources */ = {isa = PBXBuildFile; fileRef = DD87038B15AF20420067B66C /* ASIAuthenticationDialog.m */; };
		DD8703A715AF20850067B66C /* ASICacheDelegate.h in Headers */ = {isa = PBXBuildFile; fileRef = DD87038C15AF20420067B66C /* ASICacheDelegate.h */; settings = {ATTRIBUTES = (Public, ); }; };
		DD8703A815AF20850067B66C /* ASIDataCompressor.h in Headers */ = {isa = PBXBuildFile; fileRef = DD87038D15AF20420067B66C /* ASIDataCompressor.h */; settings = {ATTRIBUTES = (Public, ); }; };
		DD8703A915AF20850067B66C /* ASIDataCompressor.m in Sources */ = {isa = PBXBuildFile; fileRef = DD87038E15AF20420067B66C /* ASIDataCompressor.m */; };
		DD8703AA15AF20850067B66C /* ASIDataDecompressor.h in Headers */ = {isa = PBXBuildFile; fileRef = DD87038F15AF20420067B66C /* ASIDataDecompressor.h */; settings = {ATTRIBUTES = (Public, ); }; };
		DD8703AB15AF20850067B66C /* ASIDataDecompressor.m in Sources */ = {isa = PBXBuildFile; fileRef = DD87039015AF20420067B66C /* ASIDataDecompressor.m */; };
		DD8703AC15AF20850067B66C /* ASIDownloadCache.h in Headers */ = {isa = PBXBuildFile; fileRef = DD87039115AF20420067B66C /* ASIDownloadCache.h */; settings = {ATTRIBUTES = (Public, ); }; };
		DD8703AD15AF20850067B66C /* ASIDownloadCache.m in Sources */ = {isa = PBXBuildFile; fileRef = DD87039215AF20420067B66C /* ASIDownloadCache.m */; };
		DD8703AE15AF20850067B66C /* ASIFormDataRequest.h in Headers */ = {isa = PBXBuildFile; fileRef = DD87039315AF20420067B66C /* ASIFormDataRequest.h */; settings = {ATTRIBUTES = (Public, ); }; };
		DD8703AF15AF20850067B66C /* ASIFormDataRequest.m in Sources */ = {isa = PBXBuildFile; fileRef = DD87039415AF20420067B66C /* ASIFormDataRequest.m */; };
		DD8703B015AF20850067B66C /* ASIHTTPRequest.h in Headers */ = {isa = PBXBuildFile; fileRef = DD87039515AF20420067B66C /* ASIHTTPRequest.h */; settings = {ATTRIBUTES = (Public, ); }; };
		DD8703B115AF20850067B66C /* ASIHTTPRequest.m in Sources */ = {isa = PBXBuildFile; fileRef = DD87039615AF20420067B66C /* ASIHTTPRequest.m */; };
		DD8703B215AF20850067B66C /* ASIHTTPRequestConfig.h in Headers */ = {isa = PBXBuildFile; fileRef = DD87039715AF20420067B66C /* ASIHTTPRequestConfig.h */; settings = {ATTRIBUTES = (Public, ); }; };
		DD8703B315AF20850067B66C /* ASIHTTPRequestDelegate.h in Headers */ = {isa = PBXBuildFile; fileRef = DD87039815AF20420067B66C /* ASIHTTPRequestDelegate.h */; settings = {ATTRIBUTES = (Public, ); }; };
		DD8703B415AF20850067B66C /* ASIInputStream.h in Headers */ = {isa = PBXBuildFile; fileRef = DD87039915AF20420067B66C /* ASIInputStream.h */; settings = {ATTRIBUTES = (Public, ); }; };
		DD8703B515AF20850067B66C /* ASIInputStream.m in Sources */ = {isa = PBXBuildFile; fileRef = DD87039A15AF20420067B66C /* ASIInputStream.m */; };
		DD8703B615AF20850067B66C /* ASINetworkQueue.h in Headers */ = {isa = PBXBuildFile; fileRef = DD87039B15AF20420067B66C /* ASINetworkQueue.h */; settings = {ATTRIBUTES = (Public, ); }; };
		DD8703B715AF20850067B66C /* ASINetworkQueue.m in Sources */ = {isa = PBXBuildFile; fileRef = DD87039C15AF20420067B66C /* ASINetworkQueue.m */; };
		DD8703B815AF20850067B66C /* ASIProgressDelegate.h in Headers */ = {isa = PBXBuildFile; fileRef = DD87039D15AF20420067B66C /* ASIProgressDelegate.h */; settings = {ATTRIBUTES = (Public, ); }; };
		DD8703B915AF208E0067B66C /* Reachability.h in Headers */ = {isa = PBXBuildFile; fileRef = DD8703A315AF20420067B66C /* Reachability.h */; };
		DD8703BA15AF208E0067B66C /* Reachability.m in Sources */ = {isa = PBXBuildFile; fileRef = DD8703A415AF20420067B66C /* Reachability.m */; };
		DD8703BF15AF21230067B66C /* ASIWebPageRequest.h in Headers */ = {isa = PBXBuildFile; fileRef = DD87039F15AF20420067B66C /* ASIWebPageRequest.h */; settings = {ATTRIBUTES = (Public, ); }; };
/* End PBXBuildFile section */

/* Begin PBXFileReference section */
		DD0894D915B07AA300E3EC75 /* JSONKit.h */ = {isa = PBXFileReference; fileEncoding = 4; lastKnownFileType = sourcecode.c.h; path = JSONKit.h; sourceTree = "<group>"; };
		DD0894DA15B07AA300E3EC75 /* JSONKit.m */ = {isa = PBXFileReference; fileEncoding = 4; lastKnownFileType = sourcecode.c.objc; path = JSONKit.m; sourceTree = "<group>"; };
		DD832FBC15B263FD00FBF9DE /* UIKit.framework */ = {isa = PBXFileReference; lastKnownFileType = wrapper.framework; name = UIKit.framework; path = System/Library/Frameworks/UIKit.framework; sourceTree = SDKROOT; };
		DD865D4215B145D300817FE9 /* NSData-SQLitePersistence.h */ = {isa = PBXFileReference; fileEncoding = 4; lastKnownFileType = sourcecode.c.h; path = "NSData-SQLitePersistence.h"; sourceTree = "<group>"; };
		DD865D4315B145D300817FE9 /* NSData-SQLitePersistence.m */ = {isa = PBXFileReference; fileEncoding = 4; lastKnownFileType = sourcecode.c.objc; path = "NSData-SQLitePersistence.m"; sourceTree = "<group>"; };
		DD865D4415B145D300817FE9 /* NSDate-SQLitePersistence.h */ = {isa = PBXFileReference; fileEncoding = 4; lastKnownFileType = sourcecode.c.h; path = "NSDate-SQLitePersistence.h"; sourceTree = "<group>"; };
		DD865D4515B145D300817FE9 /* NSDate-SQLitePersistence.m */ = {isa = PBXFileReference; fileEncoding = 4; lastKnownFileType = sourcecode.c.objc; path = "NSDate-SQLitePersistence.m"; sourceTree = "<group>"; };
		DD865D4615B145D300817FE9 /* NSMutableArray-MultipleSort.h */ = {isa = PBXFileReference; fileEncoding = 4; lastKnownFileType = sourcecode.c.h; path = "NSMutableArray-MultipleSort.h"; sourceTree = "<group>"; };
		DD865D4715B145D300817FE9 /* NSMutableArray-MultipleSort.m */ = {isa = PBXFileReference; fileEncoding = 4; lastKnownFileType = sourcecode.c.objc; path = "NSMutableArray-MultipleSort.m"; sourceTree = "<group>"; };
		DD865D4815B145D300817FE9 /* NSMutableData-SQLitePersistence.h */ = {isa = PBXFileReference; fileEncoding = 4; lastKnownFileType = sourcecode.c.h; path = "NSMutableData-SQLitePersistence.h"; sourceTree = "<group>"; };
		DD865D4915B145D300817FE9 /* NSMutableData-SQLitePersistence.m */ = {isa = PBXFileReference; fileEncoding = 4; lastKnownFileType = sourcecode.c.objc; path = "NSMutableData-SQLitePersistence.m"; sourceTree = "<group>"; };
		DD865D4A15B145D300817FE9 /* NSNumber-SQLitePersistence.h */ = {isa = PBXFileReference; fileEncoding = 4; lastKnownFileType = sourcecode.c.h; path = "NSNumber-SQLitePersistence.h"; sourceTree = "<group>"; };
		DD865D4B15B145D300817FE9 /* NSNumber-SQLitePersistence.m */ = {isa = PBXFileReference; fileEncoding = 4; lastKnownFileType = sourcecode.c.objc; path = "NSNumber-SQLitePersistence.m"; sourceTree = "<group>"; };
		DD865D4C15B145D300817FE9 /* NSObject-ClassName.h */ = {isa = PBXFileReference; fileEncoding = 4; lastKnownFileType = sourcecode.c.h; path = "NSObject-ClassName.h"; sourceTree = "<group>"; };
		DD865D4D15B145D300817FE9 /* NSObject-ClassName.m */ = {isa = PBXFileReference; fileEncoding = 4; lastKnownFileType = sourcecode.c.objc; path = "NSObject-ClassName.m"; sourceTree = "<group>"; };
		DD865D4E15B145D300817FE9 /* NSObject-MissingKV.h */ = {isa = PBXFileReference; fileEncoding = 4; lastKnownFileType = sourcecode.c.h; path = "NSObject-MissingKV.h"; sourceTree = "<group>"; };
		DD865D4F15B145D300817FE9 /* NSObject-MissingKV.m */ = {isa = PBXFileReference; fileEncoding = 4; lastKnownFileType = sourcecode.c.objc; path = "NSObject-MissingKV.m"; sourceTree = "<group>"; };
		DD865D5015B145D300817FE9 /* NSObject-SQLitePersistence.h */ = {isa = PBXFileReference; fileEncoding = 4; lastKnownFileType = sourcecode.c.h; path = "NSObject-SQLitePersistence.h"; sourceTree = "<group>"; };
		DD865D5115B145D300817FE9 /* NSObject-SQLitePersistence.m */ = {isa = PBXFileReference; fileEncoding = 4; lastKnownFileType = sourcecode.c.objc; path = "NSObject-SQLitePersistence.m"; sourceTree = "<group>"; };
		DD865D5215B145D300817FE9 /* NSString-NumberStuff.h */ = {isa = PBXFileReference; fileEncoding = 4; lastKnownFileType = sourcecode.c.h; path = "NSString-NumberStuff.h"; sourceTree = "<group>"; };
		DD865D5315B145D300817FE9 /* NSString-NumberStuff.m */ = {isa = PBXFileReference; fileEncoding = 4; lastKnownFileType = sourcecode.c.objc; path = "NSString-NumberStuff.m"; sourceTree = "<group>"; };
		DD865D5415B145D300817FE9 /* NSString-SQLiteColumnName.h */ = {isa = PBXFileReference; fileEncoding = 4; lastKnownFileType = sourcecode.c.h; path = "NSString-SQLiteColumnName.h"; sourceTree = "<group>"; };
		DD865D5515B145D300817FE9 /* NSString-SQLiteColumnName.m */ = {isa = PBXFileReference; fileEncoding = 4; lastKnownFileType = sourcecode.c.objc; path = "NSString-SQLiteColumnName.m"; sourceTree = "<group>"; };
		DD865D5615B145D300817FE9 /* NSString-SQLitePersistence.h */ = {isa = PBXFileReference; fileEncoding = 4; lastKnownFileType = sourcecode.c.h; path = "NSString-SQLitePersistence.h"; sourceTree = "<group>"; };
		DD865D5715B145D300817FE9 /* NSString-SQLitePersistence.m */ = {isa = PBXFileReference; fileEncoding = 4; lastKnownFileType = sourcecode.c.objc; path = "NSString-SQLitePersistence.m"; sourceTree = "<group>"; };
		DD865D5815B145D300817FE9 /* NSString-UppercaseFirst.h */ = {isa = PBXFileReference; fileEncoding = 4; lastKnownFileType = sourcecode.c.h; path = "NSString-UppercaseFirst.h"; sourceTree = "<group>"; };
		DD865D5915B145D300817FE9 /* NSString-UppercaseFirst.m */ = {isa = PBXFileReference; fileEncoding = 4; lastKnownFileType = sourcecode.c.objc; path = "NSString-UppercaseFirst.m"; sourceTree = "<group>"; };
		DD865D5A15B145D300817FE9 /* SQLiteInstanceManager.h */ = {isa = PBXFileReference; fileEncoding = 4; lastKnownFileType = sourcecode.c.h; path = SQLiteInstanceManager.h; sourceTree = "<group>"; };
		DD865D5B15B145D300817FE9 /* SQLiteInstanceManager.m */ = {isa = PBXFileReference; fileEncoding = 4; lastKnownFileType = sourcecode.c.objc; path = SQLiteInstanceManager.m; sourceTree = "<group>"; };
		DD865D5C15B145D300817FE9 /* SQLitePersistentObject.h */ = {isa = PBXFileReference; fileEncoding = 4; lastKnownFileType = sourcecode.c.h; path = SQLitePersistentObject.h; sourceTree = "<group>"; };
		DD865D5D15B145D300817FE9 /* SQLitePersistentObject.m */ = {isa = PBXFileReference; fileEncoding = 4; lastKnownFileType = sourcecode.c.objc; path = SQLitePersistentObject.m; sourceTree = "<group>"; };
		DD865D5E15B145D300817FE9 /* UIColor-SQLitePersistentObject.h */ = {isa = PBXFileReference; fileEncoding = 4; lastKnownFileType = sourcecode.c.h; path = "UIColor-SQLitePersistentObject.h"; sourceTree = "<group>"; };
		DD865D5F15B145D300817FE9 /* UIColor-SQLitePersistentObject.m */ = {isa = PBXFileReference; fileEncoding = 4; lastKnownFileType = sourcecode.c.objc; path = "UIColor-SQLitePersistentObject.m"; sourceTree = "<group>"; };
		DD865D6015B145D300817FE9 /* UIImage-SQLitePersistence.h */ = {isa = PBXFileReference; fileEncoding = 4; lastKnownFileType = sourcecode.c.h; path = "UIImage-SQLitePersistence.h"; sourceTree = "<group>"; };
		DD865D6115B145D300817FE9 /* UIImage-SQLitePersistence.m */ = {isa = PBXFileReference; fileEncoding = 4; lastKnownFileType = sourcecode.c.objc; path = "UIImage-SQLitePersistence.m"; sourceTree = "<group>"; };
		DD865DD915B1C8C800817FE9 /* JSONObject.h */ = {isa = PBXFileReference; fileEncoding = 4; lastKnownFileType = sourcecode.c.h; path = JSONObject.h; sourceTree = "<group>"; };
		DD865DDA15B1C8C800817FE9 /* JSONObject.m */ = {isa = PBXFileReference; fileEncoding = 4; lastKnownFileType = sourcecode.c.objc; path = JSONObject.m; sourceTree = "<group>"; };
		DD87036115AF1BBA0067B66C /* libGlacierFramework.a */ = {isa = PBXFileReference; explicitFileType = archive.ar; includeInIndex = 0; path = libGlacierFramework.a; sourceTree = BUILT_PRODUCTS_DIR; };
		DD87036415AF1BBA0067B66C /* Foundation.framework */ = {isa = PBXFileReference; lastKnownFileType = wrapper.framework; name = Foundation.framework; path = System/Library/Frameworks/Foundation.framework; sourceTree = SDKROOT; };
		DD87036815AF1BBA0067B66C /* GlacierFramework-Prefix.pch */ = {isa = PBXFileReference; lastKnownFileType = sourcecode.c.h; path = "GlacierFramework-Prefix.pch"; sourceTree = "<group>"; };
		DD87037A15AF1CE80067B66C /* GlacierController.h */ = {isa = PBXFileReference; fileEncoding = 4; lastKnownFileType = sourcecode.c.h; path = GlacierController.h; sourceTree = "<group>"; };
		DD87037B15AF1CE80067B66C /* GlacierController.m */ = {isa = PBXFileReference; fileEncoding = 4; lastKnownFileType = sourcecode.c.objc; path = GlacierController.m; sourceTree = "<group>"; };
		DD87038A15AF20420067B66C /* ASIAuthenticationDialog.h */ = {isa = PBXFileReference; lastKnownFileType = sourcecode.c.h; path = ASIAuthenticationDialog.h; sourceTree = "<group>"; };
		DD87038B15AF20420067B66C /* ASIAuthenticationDialog.m */ = {isa = PBXFileReference; lastKnownFileType = sourcecode.c.objc; path = ASIAuthenticationDialog.m; sourceTree = "<group>"; };
		DD87038C15AF20420067B66C /* ASICacheDelegate.h */ = {isa = PBXFileReference; lastKnownFileType = sourcecode.c.h; path = ASICacheDelegate.h; sourceTree = "<group>"; };
		DD87038D15AF20420067B66C /* ASIDataCompressor.h */ = {isa = PBXFileReference; lastKnownFileType = sourcecode.c.h; path = ASIDataCompressor.h; sourceTree = "<group>"; };
		DD87038E15AF20420067B66C /* ASIDataCompressor.m */ = {isa = PBXFileReference; lastKnownFileType = sourcecode.c.objc; path = ASIDataCompressor.m; sourceTree = "<group>"; };
		DD87038F15AF20420067B66C /* ASIDataDecompressor.h */ = {isa = PBXFileReference; lastKnownFileType = sourcecode.c.h; path = ASIDataDecompressor.h; sourceTree = "<group>"; };
		DD87039015AF20420067B66C /* ASIDataDecompressor.m */ = {isa = PBXFileReference; lastKnownFileType = sourcecode.c.objc; path = ASIDataDecompressor.m; sourceTree = "<group>"; };
		DD87039115AF20420067B66C /* ASIDownloadCache.h */ = {isa = PBXFileReference; lastKnownFileType = sourcecode.c.h; path = ASIDownloadCache.h; sourceTree = "<group>"; };
		DD87039215AF20420067B66C /* ASIDownloadCache.m */ = {isa = PBXFileReference; lastKnownFileType = sourcecode.c.objc; path = ASIDownloadCache.m; sourceTree = "<group>"; };
		DD87039315AF20420067B66C /* ASIFormDataRequest.h */ = {isa = PBXFileReference; lastKnownFileType = sourcecode.c.h; path = ASIFormDataRequest.h; sourceTree = "<group>"; };
		DD87039415AF20420067B66C /* ASIFormDataRequest.m */ = {isa = PBXFileReference; lastKnownFileType = sourcecode.c.objc; path = ASIFormDataRequest.m; sourceTree = "<group>"; };
		DD87039515AF20420067B66C /* ASIHTTPRequest.h */ = {isa = PBXFileReference; lastKnownFileType = sourcecode.c.h; path = ASIHTTPRequest.h; sourceTree = "<group>"; };
		DD87039615AF20420067B66C /* ASIHTTPRequest.m */ = {isa = PBXFileReference; lastKnownFileType = sourcecode.c.objc; path = ASIHTTPRequest.m; sourceTree = "<group>"; };
		DD87039715AF20420067B66C /* ASIHTTPRequestConfig.h */ = {isa = PBXFileReference; lastKnownFileType = sourcecode.c.h; path = ASIHTTPRequestConfig.h; sourceTree = "<group>"; };
		DD87039815AF20420067B66C /* ASIHTTPRequestDelegate.h */ = {isa = PBXFileReference; lastKnownFileType = sourcecode.c.h; path = ASIHTTPRequestDelegate.h; sourceTree = "<group>"; };
		DD87039915AF20420067B66C /* ASIInputStream.h */ = {isa = PBXFileReference; lastKnownFileType = sourcecode.c.h; path = ASIInputStream.h; sourceTree = "<group>"; };
		DD87039A15AF20420067B66C /* ASIInputStream.m */ = {isa = PBXFileReference; lastKnownFileType = sourcecode.c.objc; path = ASIInputStream.m; sourceTree = "<group>"; };
		DD87039B15AF20420067B66C /* ASINetworkQueue.h */ = {isa = PBXFileReference; lastKnownFileType = sourcecode.c.h; path = ASINetworkQueue.h; sourceTree = "<group>"; };
		DD87039C15AF20420067B66C /* ASINetworkQueue.m */ = {isa = PBXFileReference; lastKnownFileType = sourcecode.c.objc; path = ASINetworkQueue.m; sourceTree = "<group>"; };
		DD87039D15AF20420067B66C /* ASIProgressDelegate.h */ = {isa = PBXFileReference; lastKnownFileType = sourcecode.c.h; path = ASIProgressDelegate.h; sourceTree = "<group>"; };
		DD87039F15AF20420067B66C /* ASIWebPageRequest.h */ = {isa = PBXFileReference; lastKnownFileType = sourcecode.c.h; path = ASIWebPageRequest.h; sourceTree = "<group>"; };
		DD8703A015AF20420067B66C /* ASIWebPageRequest.m */ = {isa = PBXFileReference; lastKnownFileType = sourcecode.c.objc; path = ASIWebPageRequest.m; sourceTree = "<group>"; };
		DD8703A315AF20420067B66C /* Reachability.h */ = {isa = PBXFileReference; lastKnownFileType = sourcecode.c.h; path = Reachability.h; sourceTree = "<group>"; };
		DD8703A415AF20420067B66C /* Reachability.m */ = {isa = PBXFileReference; lastKnownFileType = sourcecode.c.objc; path = Reachability.m; sourceTree = "<group>"; };
/* End PBXFileReference section */

/* Begin PBXFrameworksBuildPhase section */
		DD87035E15AF1BBA0067B66C /* Frameworks */ = {
			isa = PBXFrameworksBuildPhase;
			buildActionMask = 2147483647;
			files = (
				DD832FBD15B263FD00FBF9DE /* UIKit.framework in Frameworks */,
				DD87036515AF1BBA0067B66C /* Foundation.framework in Frameworks */,
			);
			runOnlyForDeploymentPostprocessing = 0;
		};
/* End PBXFrameworksBuildPhase section */

/* Begin PBXGroup section */
		DD0894D815B07AA300E3EC75 /* JSONKit */ = {
			isa = PBXGroup;
			children = (
				DD0894D915B07AA300E3EC75 /* JSONKit.h */,
				DD0894DA15B07AA300E3EC75 /* JSONKit.m */,
				DD865DD915B1C8C800817FE9 /* JSONObject.h */,
				DD865DDA15B1C8C800817FE9 /* JSONObject.m */,
			);
			path = JSONKit;
			sourceTree = "<group>";
		};
		DD865D4115B145D300817FE9 /* sqlitepersistentobjects */ = {
			isa = PBXGroup;
			children = (
				DD865D4215B145D300817FE9 /* NSData-SQLitePersistence.h */,
				DD865D4315B145D300817FE9 /* NSData-SQLitePersistence.m */,
				DD865D4415B145D300817FE9 /* NSDate-SQLitePersistence.h */,
				DD865D4515B145D300817FE9 /* NSDate-SQLitePersistence.m */,
				DD865D4615B145D300817FE9 /* NSMutableArray-MultipleSort.h */,
				DD865D4715B145D300817FE9 /* NSMutableArray-MultipleSort.m */,
				DD865D4815B145D300817FE9 /* NSMutableData-SQLitePersistence.h */,
				DD865D4915B145D300817FE9 /* NSMutableData-SQLitePersistence.m */,
				DD865D4A15B145D300817FE9 /* NSNumber-SQLitePersistence.h */,
				DD865D4B15B145D300817FE9 /* NSNumber-SQLitePersistence.m */,
				DD865D4C15B145D300817FE9 /* NSObject-ClassName.h */,
				DD865D4D15B145D300817FE9 /* NSObject-ClassName.m */,
				DD865D4E15B145D300817FE9 /* NSObject-MissingKV.h */,
				DD865D4F15B145D300817FE9 /* NSObject-MissingKV.m */,
				DD865D5015B145D300817FE9 /* NSObject-SQLitePersistence.h */,
				DD865D5115B145D300817FE9 /* NSObject-SQLitePersistence.m */,
				DD865D5215B145D300817FE9 /* NSString-NumberStuff.h */,
				DD865D5315B145D300817FE9 /* NSString-NumberStuff.m */,
				DD865D5415B145D300817FE9 /* NSString-SQLiteColumnName.h */,
				DD865D5515B145D300817FE9 /* NSString-SQLiteColumnName.m */,
				DD865D5615B145D300817FE9 /* NSString-SQLitePersistence.h */,
				DD865D5715B145D300817FE9 /* NSString-SQLitePersistence.m */,
				DD865D5815B145D300817FE9 /* NSString-UppercaseFirst.h */,
				DD865D5915B145D300817FE9 /* NSString-UppercaseFirst.m */,
				DD865D5A15B145D300817FE9 /* SQLiteInstanceManager.h */,
				DD865D5B15B145D300817FE9 /* SQLiteInstanceManager.m */,
				DD865D5C15B145D300817FE9 /* SQLitePersistentObject.h */,
				DD865D5D15B145D300817FE9 /* SQLitePersistentObject.m */,
				DD865D5E15B145D300817FE9 /* UIColor-SQLitePersistentObject.h */,
				DD865D5F15B145D300817FE9 /* UIColor-SQLitePersistentObject.m */,
				DD865D6015B145D300817FE9 /* UIImage-SQLitePersistence.h */,
				DD865D6115B145D300817FE9 /* UIImage-SQLitePersistence.m */,
			);
			path = sqlitepersistentobjects;
			sourceTree = "<group>";
		};
		DD87035615AF1BBA0067B66C = {
			isa = PBXGroup;
			children = (
				DD0894D815B07AA300E3EC75 /* JSONKit */,
				DD865D4115B145D300817FE9 /* sqlitepersistentobjects */,
				DD87038215AF1F9B0067B66C /* ASI */,
				DD87036615AF1BBA0067B66C /* GlacierFramework */,
				DD87036315AF1BBA0067B66C /* Frameworks */,
				DD87036215AF1BBA0067B66C /* Products */,
			);
			sourceTree = "<group>";
		};
		DD87036215AF1BBA0067B66C /* Products */ = {
			isa = PBXGroup;
			children = (
				DD87036115AF1BBA0067B66C /* libGlacierFramework.a */,
			);
			name = Products;
			sourceTree = "<group>";
		};
		DD87036315AF1BBA0067B66C /* Frameworks */ = {
			isa = PBXGroup;
			children = (
				DD832FBC15B263FD00FBF9DE /* UIKit.framework */,
				DD87036415AF1BBA0067B66C /* Foundation.framework */,
			);
			name = Frameworks;
			sourceTree = "<group>";
		};
		DD87036615AF1BBA0067B66C /* GlacierFramework */ = {
			isa = PBXGroup;
			children = (
				DD87037A15AF1CE80067B66C /* GlacierController.h */,
				DD87037B15AF1CE80067B66C /* GlacierController.m */,
				DD87036715AF1BBA0067B66C /* Supporting Files */,
			);
			path = GlacierFramework;
			sourceTree = "<group>";
		};
		DD87036715AF1BBA0067B66C /* Supporting Files */ = {
			isa = PBXGroup;
			children = (
				DD87036815AF1BBA0067B66C /* GlacierFramework-Prefix.pch */,
			);
			name = "Supporting Files";
			sourceTree = "<group>";
		};
		DD87038215AF1F9B0067B66C /* ASI */ = {
			isa = PBXGroup;
			children = (
				DD87038915AF20420067B66C /* Classes */,
				DD8703A115AF20420067B66C /* External */,
			);
			path = ASI;
			sourceTree = "<group>";
		};
		DD87038915AF20420067B66C /* Classes */ = {
			isa = PBXGroup;
			children = (
				DD87038A15AF20420067B66C /* ASIAuthenticationDialog.h */,
				DD87038B15AF20420067B66C /* ASIAuthenticationDialog.m */,
				DD87038C15AF20420067B66C /* ASICacheDelegate.h */,
				DD87038D15AF20420067B66C /* ASIDataCompressor.h */,
				DD87038E15AF20420067B66C /* ASIDataCompressor.m */,
				DD87038F15AF20420067B66C /* ASIDataDecompressor.h */,
				DD87039015AF20420067B66C /* ASIDataDecompressor.m */,
				DD87039115AF20420067B66C /* ASIDownloadCache.h */,
				DD87039215AF20420067B66C /* ASIDownloadCache.m */,
				DD87039315AF20420067B66C /* ASIFormDataRequest.h */,
				DD87039415AF20420067B66C /* ASIFormDataRequest.m */,
				DD87039515AF20420067B66C /* ASIHTTPRequest.h */,
				DD87039615AF20420067B66C /* ASIHTTPRequest.m */,
				DD87039715AF20420067B66C /* ASIHTTPRequestConfig.h */,
				DD87039815AF20420067B66C /* ASIHTTPRequestDelegate.h */,
				DD87039915AF20420067B66C /* ASIInputStream.h */,
				DD87039A15AF20420067B66C /* ASIInputStream.m */,
				DD87039B15AF20420067B66C /* ASINetworkQueue.h */,
				DD87039C15AF20420067B66C /* ASINetworkQueue.m */,
				DD87039D15AF20420067B66C /* ASIProgressDelegate.h */,
				DD87039E15AF20420067B66C /* ASIWebPageRequest */,
			);
			path = Classes;
			sourceTree = "<group>";
		};
		DD87039E15AF20420067B66C /* ASIWebPageRequest */ = {
			isa = PBXGroup;
			children = (
				DD87039F15AF20420067B66C /* ASIWebPageRequest.h */,
				DD8703A015AF20420067B66C /* ASIWebPageRequest.m */,
			);
			path = ASIWebPageRequest;
			sourceTree = "<group>";
		};
		DD8703A115AF20420067B66C /* External */ = {
			isa = PBXGroup;
			children = (
				DD8703A215AF20420067B66C /* Reachability */,
			);
			path = External;
			sourceTree = "<group>";
		};
		DD8703A215AF20420067B66C /* Reachability */ = {
			isa = PBXGroup;
			children = (
				DD8703A315AF20420067B66C /* Reachability.h */,
				DD8703A415AF20420067B66C /* Reachability.m */,
			);
			path = Reachability;
			sourceTree = "<group>";
		};
/* End PBXGroup section */

/* Begin PBXHeadersBuildPhase section */
		DD87035F15AF1BBA0067B66C /* Headers */ = {
			isa = PBXHeadersBuildPhase;
			buildActionMask = 2147483647;
			files = (
				DD87037C15AF1CE80067B66C /* GlacierController.h in Headers */,
				DD8703A515AF20850067B66C /* ASIAuthenticationDialog.h in Headers */,
				DD8703A715AF20850067B66C /* ASICacheDelegate.h in Headers */,
				DD8703A815AF20850067B66C /* ASIDataCompressor.h in Headers */,
				DD8703AA15AF20850067B66C /* ASIDataDecompressor.h in Headers */,
				DD8703AC15AF20850067B66C /* ASIDownloadCache.h in Headers */,
				DD8703AE15AF20850067B66C /* ASIFormDataRequest.h in Headers */,
				DD8703B015AF20850067B66C /* ASIHTTPRequest.h in Headers */,
				DD8703B215AF20850067B66C /* ASIHTTPRequestConfig.h in Headers */,
				DD8703B315AF20850067B66C /* ASIHTTPRequestDelegate.h in Headers */,
				DD8703B415AF20850067B66C /* ASIInputStream.h in Headers */,
				DD8703B615AF20850067B66C /* ASINetworkQueue.h in Headers */,
				DD8703B815AF20850067B66C /* ASIProgressDelegate.h in Headers */,
				DD8703B915AF208E0067B66C /* Reachability.h in Headers */,
				DD8703BF15AF21230067B66C /* ASIWebPageRequest.h in Headers */,
				DD0894DB15B07AA300E3EC75 /* JSONKit.h in Headers */,
				DD865D6215B145D300817FE9 /* NSData-SQLitePersistence.h in Headers */,
				DD865D6415B145D300817FE9 /* NSDate-SQLitePersistence.h in Headers */,
				DD865D6615B145D300817FE9 /* NSMutableArray-MultipleSort.h in Headers */,
				DD865D6815B145D300817FE9 /* NSMutableData-SQLitePersistence.h in Headers */,
				DD865D6A15B145D300817FE9 /* NSNumber-SQLitePersistence.h in Headers */,
				DD865D6C15B145D300817FE9 /* NSObject-ClassName.h in Headers */,
				DD865D6E15B145D300817FE9 /* NSObject-MissingKV.h in Headers */,
				DD865D7015B145D300817FE9 /* NSObject-SQLitePersistence.h in Headers */,
				DD865D7215B145D300817FE9 /* NSString-NumberStuff.h in Headers */,
				DD865D7415B145D300817FE9 /* NSString-SQLiteColumnName.h in Headers */,
				DD865D7615B145D300817FE9 /* NSString-SQLitePersistence.h in Headers */,
				DD865D7815B145D300817FE9 /* NSString-UppercaseFirst.h in Headers */,
				DD865D7A15B145D300817FE9 /* SQLiteInstanceManager.h in Headers */,
				DD865D7C15B145D300817FE9 /* SQLitePersistentObject.h in Headers */,
				DD865D7E15B145D300817FE9 /* UIColor-SQLitePersistentObject.h in Headers */,
				DD865D8015B145D300817FE9 /* UIImage-SQLitePersistence.h in Headers */,
				DD865DDB15B1C8C800817FE9 /* JSONObject.h in Headers */,
			);
			runOnlyForDeploymentPostprocessing = 0;
		};
/* End PBXHeadersBuildPhase section */

/* Begin PBXNativeTarget section */
		DD87036015AF1BBA0067B66C /* GlacierFramework */ = {
			isa = PBXNativeTarget;
			buildConfigurationList = DD87036E15AF1BBA0067B66C /* Build configuration list for PBXNativeTarget "GlacierFramework" */;
			buildPhases = (
				DD87035D15AF1BBA0067B66C /* Sources */,
				DD87035E15AF1BBA0067B66C /* Frameworks */,
				DD87035F15AF1BBA0067B66C /* Headers */,
			);
			buildRules = (
			);
			dependencies = (
			);
			name = GlacierFramework;
			productName = GlacierFramework;
			productReference = DD87036115AF1BBA0067B66C /* libGlacierFramework.a */;
			productType = "com.apple.product-type.library.static";
		};
/* End PBXNativeTarget section */

/* Begin PBXProject section */
		DD87035815AF1BBA0067B66C /* Project object */ = {
			isa = PBXProject;
			attributes = {
				LastUpgradeCheck = 0430;
				ORGANIZATIONNAME = Glacier;
			};
			buildConfigurationList = DD87035B15AF1BBA0067B66C /* Build configuration list for PBXProject "GlacierFramework" */;
			compatibilityVersion = "Xcode 3.2";
			developmentRegion = English;
			hasScannedForEncodings = 0;
			knownRegions = (
				en,
			);
			mainGroup = DD87035615AF1BBA0067B66C;
			productRefGroup = DD87036215AF1BBA0067B66C /* Products */;
			projectDirPath = "";
			projectRoot = "";
			targets = (
				DD87036015AF1BBA0067B66C /* GlacierFramework */,
			);
		};
/* End PBXProject section */

/* Begin PBXSourcesBuildPhase section */
		DD87035D15AF1BBA0067B66C /* Sources */ = {
			isa = PBXSourcesBuildPhase;
			buildActionMask = 2147483647;
			files = (
				DD87037D15AF1CE80067B66C /* GlacierController.m in Sources */,
				DD8703A615AF20850067B66C /* ASIAuthenticationDialog.m in Sources */,
				DD8703A915AF20850067B66C /* ASIDataCompressor.m in Sources */,
				DD8703AB15AF20850067B66C /* ASIDataDecompressor.m in Sources */,
				DD8703AD15AF20850067B66C /* ASIDownloadCache.m in Sources */,
				DD8703AF15AF20850067B66C /* ASIFormDataRequest.m in Sources */,
				DD8703B115AF20850067B66C /* ASIHTTPRequest.m in Sources */,
				DD8703B515AF20850067B66C /* ASIInputStream.m in Sources */,
				DD8703B715AF20850067B66C /* ASINetworkQueue.m in Sources */,
				DD8703BA15AF208E0067B66C /* Reachability.m in Sources */,
				DD0894DC15B07AA300E3EC75 /* JSONKit.m in Sources */,
				DD865D6315B145D300817FE9 /* NSData-SQLitePersistence.m in Sources */,
				DD865D6515B145D300817FE9 /* NSDate-SQLitePersistence.m in Sources */,
				DD865D6715B145D300817FE9 /* NSMutableArray-MultipleSort.m in Sources */,
				DD865D6915B145D300817FE9 /* NSMutableData-SQLitePersistence.m in Sources */,
				DD865D6B15B145D300817FE9 /* NSNumber-SQLitePersistence.m in Sources */,
				DD865D6D15B145D300817FE9 /* NSObject-ClassName.m in Sources */,
				DD865D6F15B145D300817FE9 /* NSObject-MissingKV.m in Sources */,
				DD865D7115B145D300817FE9 /* NSObject-SQLitePersistence.m in Sources */,
				DD865D7315B145D300817FE9 /* NSString-NumberStuff.m in Sources */,
				DD865D7515B145D300817FE9 /* NSString-SQLiteColumnName.m in Sources */,
				DD865D7715B145D300817FE9 /* NSString-SQLitePersistence.m in Sources */,
				DD865D7915B145D300817FE9 /* NSString-UppercaseFirst.m in Sources */,
				DD865D7B15B145D300817FE9 /* SQLiteInstanceManager.m in Sources */,
				DD865D7D15B145D300817FE9 /* SQLitePersistentObject.m in Sources */,
				DD865D7F15B145D300817FE9 /* UIColor-SQLitePersistentObject.m in Sources */,
				DD865D8115B145D300817FE9 /* UIImage-SQLitePersistence.m in Sources */,
				DD865DDC15B1C8C800817FE9 /* JSONObject.m in Sources */,
			);
			runOnlyForDeploymentPostprocessing = 0;
		};
/* End PBXSourcesBuildPhase section */

/* Begin XCBuildConfiguration section */
		DD87036C15AF1BBA0067B66C /* Debug */ = {
			isa = XCBuildConfiguration;
			buildSettings = {
				ALWAYS_SEARCH_USER_PATHS = NO;
				ARCHS = "$(ARCHS_STANDARD_32_BIT)";
				COPY_PHASE_STRIP = NO;
				GCC_C_LANGUAGE_STANDARD = gnu99;
				GCC_DYNAMIC_NO_PIC = NO;
				GCC_OPTIMIZATION_LEVEL = 0;
				GCC_PREPROCESSOR_DEFINITIONS = (
					"DEBUG=1",
					"$(inherited)",
				);
				GCC_SYMBOLS_PRIVATE_EXTERN = NO;
				GCC_VERSION = com.apple.compilers.llvm.clang.1_0;
				GCC_WARN_ABOUT_RETURN_TYPE = YES;
				GCC_WARN_UNINITIALIZED_AUTOS = YES;
				GCC_WARN_UNUSED_VARIABLE = YES;
				HEADER_SEARCH_PATHS = "$(BUILD_DIR)/$(CONFIGURATION)$(EFFECTIVE_PLATFORM_NAME)";
				IPHONEOS_DEPLOYMENT_TARGET = 4.0;
				LIBRARY_SEARCH_PATHS = "$(BUILD_DIR)/$(CONFIGURATION)$(EFFECTIVE_PLATFORM_NAME)";
				SDKROOT = iphoneos;
				USER_HEADER_SEARCH_PATHS = "$(BUILD_DIR)/$(CONFIGURATION)$(EFFECTIVE_PLATFORM_NAME)";
			};
			name = Debug;
		};
		DD87036D15AF1BBA0067B66C /* Release */ = {
			isa = XCBuildConfiguration;
			buildSettings = {
				ALWAYS_SEARCH_USER_PATHS = NO;
				ARCHS = "$(ARCHS_STANDARD_32_BIT)";
				COPY_PHASE_STRIP = YES;
				GCC_C_LANGUAGE_STANDARD = gnu99;
				GCC_VERSION = com.apple.compilers.llvm.clang.1_0;
				GCC_WARN_ABOUT_RETURN_TYPE = YES;
				GCC_WARN_UNINITIALIZED_AUTOS = YES;
				GCC_WARN_UNUSED_VARIABLE = YES;
				HEADER_SEARCH_PATHS = "$(BUILD_DIR)/$(CONFIGURATION)$(EFFECTIVE_PLATFORM_NAME)";
				IPHONEOS_DEPLOYMENT_TARGET = 4.0;
				LIBRARY_SEARCH_PATHS = "$(BUILD_DIR)/$(CONFIGURATION)$(EFFECTIVE_PLATFORM_NAME)";
				SDKROOT = iphoneos;
				USER_HEADER_SEARCH_PATHS = "$(BUILD_DIR)/$(CONFIGURATION)$(EFFECTIVE_PLATFORM_NAME)";
				VALIDATE_PRODUCT = YES;
			};
			name = Release;
		};
		DD87036F15AF1BBA0067B66C /* Debug */ = {
			isa = XCBuildConfiguration;
			buildSettings = {
				DSTROOT = /tmp/GlacierFramework.dst;
				GCC_PRECOMPILE_PREFIX_HEADER = YES;
				GCC_PREFIX_HEADER = "GlacierFramework/GlacierFramework-Prefix.pch";
				OTHER_LDFLAGS = (
					"-ObjC",
					"-all_load",
				);
				PRODUCT_NAME = "$(TARGET_NAME)";
				PUBLIC_HEADERS_FOLDER_PATH = "";
				SKIP_INSTALL = YES;
			};
			name = Debug;
		};
		DD87037015AF1BBA0067B66C /* Release */ = {
			isa = XCBuildConfiguration;
			buildSettings = {
				DSTROOT = /tmp/GlacierFramework.dst;
				GCC_PRECOMPILE_PREFIX_HEADER = YES;
				GCC_PREFIX_HEADER = "GlacierFramework/GlacierFramework-Prefix.pch";
				OTHER_LDFLAGS = (
					"-ObjC",
					"-all_load",
				);
				PRODUCT_NAME = "$(TARGET_NAME)";
				PUBLIC_HEADERS_FOLDER_PATH = "";
				SKIP_INSTALL = YES;
			};
			name = Release;
		};
/* End XCBuildConfiguration section */

/* Begin XCConfigurationList section */
		DD87035B15AF1BBA0067B66C /* Build configuration list for PBXProject "GlacierFramework" */ = {
			isa = XCConfigurationList;
			buildConfigurations = (
				DD87036C15AF1BBA0067B66C /* Debug */,
				DD87036D15AF1BBA0067B66C /* Release */,
			);
			defaultConfigurationIsVisible = 0;
			defaultConfigurationName = Debug;
		};
		DD87036E15AF1BBA0067B66C /* Build configuration list for PBXNativeTarget "GlacierFramework" */ = {
			isa = XCConfigurationList;
			buildConfigurations = (
				DD87036F15AF1BBA0067B66C /* Debug */,
				DD87037015AF1BBA0067B66C /* Release */,
			);
			defaultConfigurationIsVisible = 0;
			defaultConfigurationName = Debug;
		};
/* End XCConfigurationList section */
	};
	rootObject = DD87035815AF1BBA0067B66C /* Project object */;
}
